
Microsoft Visual Studio Solution File, Format Version 12.00
# Visual Studio Version 17
VisualStudioVersion = 17.13.35919.96
MinimumVisualStudioVersion = 10.0.40219.1
Project("{FAE04EC0-301F-11D3-BF4B-00C04F79EFBC}") = "SportsHall", "SportsHall\SportsHall.csproj", "{0B1A92D4-D541-48C7-BA31-CF534328F159}"
EndProject
Global
	GlobalSection(SolutionConfigurationPlatforms) = preSolution
		Debug|Any CPU = Debug|Any CPU
		Release|Any CPU = Release|Any CPU
	EndGlobalSection
	GlobalSection(ProjectConfigurationPlatforms) = postSolution
		{0B1A92D4-D541-48C7-BA31-CF534328F159}.Debug|Any CPU.ActiveCfg = Debug|Any CPU
		{0B1A92D4-D541-48C7-BA31-CF534328F159}.Debug|Any CPU.Build.0 = Debug|Any CPU
		{0B1A92D4-D541-48C7-BA31-CF534328F159}.Release|Any CPU.ActiveCfg = Release|Any CPU
		{0B1A92D4-D541-48C7-BA31-CF534328F159}.Release|Any CPU.Build.0 = Release|Any CPU
	EndGlobalSection
	GlobalSection(SolutionProperties) = preSolution
		HideSolutionNode = FALSE
	EndGlobalSection
	GlobalSection(ExtensibilityGlobals) = postSolution
		SolutionGuid = {72EC6E29-040F-4749-ADA4-3A28F06E62AF}
	EndGlobalSection
EndGlobal
